
Microsoft Visual Studio Solution File, Format Version 12.00
# Visual Studio 15
VisualStudioVersion = 15.0.28307.852
MinimumVisualStudioVersion = 10.0.40219.1
Project("{FAE04EC0-301F-11D3-BF4B-00C04F79EFBC}") = "WebApplication", "WebApplication\WebApplication.csproj", "{632C011B-D3C4-4B16-B10A-C70ED23B8479}"
EndProject
Global
	GlobalSection(SolutionConfigurationPlatforms) = preSolution
		Debug|Any CPU = Debug|Any CPU
		Release|Any CPU = Release|Any CPU
	EndGlobalSection
	GlobalSection(ProjectConfigurationPlatforms) = postSolution
		{632C011B-D3C4-4B16-B10A-C70ED23B8479}.Debug|Any CPU.ActiveCfg = Debug|Any CPU
		{632C011B-D3C4-4B16-B10A-C70ED23B8479}.Debug|Any CPU.Build.0 = Debug|Any CPU
		{632C011B-D3C4-4B16-B10A-C70ED23B8479}.Release|Any CPU.ActiveCfg = Release|Any CPU
		{632C011B-D3C4-4B16-B10A-C70ED23B8479}.Release|Any CPU.Build.0 = Release|Any CPU
	EndGlobalSection
	GlobalSection(SolutionProperties) = preSolution
		HideSolutionNode = FALSE
	EndGlobalSection
	GlobalSection(ExtensibilityGlobals) = postSolution
		SolutionGuid = {C562B4BC-1416-483E-B5A8-737B7FA0DE85}
	EndGlobalSection
EndGlobal
